// !$*UTF8*$!
{
	archiveVersion = 1;
	classes = {
	};
	objectVersion = 54;
	objects = {

/* Begin PBXBuildFile section */
		EB65BA9E2B6AD37F00B62E26 /* kirbyWallpaper.jpeg in Resources */ = {isa = PBXBuildFile; fileRef = EB65BA912B6AD37D00B62E26 /* kirbyWallpaper.jpeg */; };
		EB65BA9F2B6AD37F00B62E26 /* kirbyhabilitiesContent.jpeg in Resources */ = {isa = PBXBuildFile; fileRef = EB65BA922B6AD37E00B62E26 /* kirbyhabilitiesContent.jpeg */; };
		EB65BAA02B6AD37F00B62E26 /* kirbybattlecontent.jpeg in Resources */ = {isa = PBXBuildFile; fileRef = EB65BA932B6AD37E00B62E26 /* kirbybattlecontent.jpeg */; };
		EB65BAA12B6AD37F00B62E26 /* kirby.png in Resources */ = {isa = PBXBuildFile; fileRef = EB65BA942B6AD37E00B62E26 /* kirby.png */; };
		EB65BAA22B6AD37F00B62E26 /* kirbyhabilitiholder.jpeg in Resources */ = {isa = PBXBuildFile; fileRef = EB65BA952B6AD37E00B62E26 /* kirbyhabilitiholder.jpeg */; };
		EB65BAA32B6AD37F00B62E26 /* smashLogo.png in Resources */ = {isa = PBXBuildFile; fileRef = EB65BA962B6AD37E00B62E26 /* smashLogo.png */; };
		EB65BAA42B6AD37F00B62E26 /* kisrbysmash.jpeg in Resources */ = {isa = PBXBuildFile; fileRef = EB65BA972B6AD37E00B62E26 /* kisrbysmash.jpeg */; };
		EB65BAA52B6AD37F00B62E26 /* kirbyCafeContent.jpeg in Resources */ = {isa = PBXBuildFile; fileRef = EB65BA982B6AD37E00B62E26 /* kirbyCafeContent.jpeg */; };
		EB65BAA62B6AD37F00B62E26 /* kirbyabout.jpeg in Resources */ = {isa = PBXBuildFile; fileRef = EB65BA992B6AD37F00B62E26 /* kirbyabout.jpeg */; };
		EB65BAA72B6AD37F00B62E26 /* kirbySeriesContent.jpeg in Resources */ = {isa = PBXBuildFile; fileRef = EB65BA9A2B6AD37F00B62E26 /* kirbySeriesContent.jpeg */; };
		EB65BAA82B6AD37F00B62E26 /* kirbybattleholder.jpeg in Resources */ = {isa = PBXBuildFile; fileRef = EB65BA9B2B6AD37F00B62E26 /* kirbybattleholder.jpeg */; };
		EB65BAA92B6AD37F00B62E26 /* kirbyCafeHolder.jpeg in Resources */ = {isa = PBXBuildFile; fileRef = EB65BA9C2B6AD37F00B62E26 /* kirbyCafeHolder.jpeg */; };
		EB65BAAA2B6AD37F00B62E26 /* kirbySeriesHolder.jpeg in Resources */ = {isa = PBXBuildFile; fileRef = EB65BA9D2B6AD37F00B62E26 /* kirbySeriesHolder.jpeg */; };
		EB7111902B6AA01500183360 /* AppDelegate.swift in Sources */ = {isa = PBXBuildFile; fileRef = EB71118F2B6AA01500183360 /* AppDelegate.swift */; };
		EB7111922B6AA01500183360 /* SceneDelegate.swift in Sources */ = {isa = PBXBuildFile; fileRef = EB7111912B6AA01500183360 /* SceneDelegate.swift */; };
		EB7111942B6AA01500183360 /* ViewController.swift in Sources */ = {isa = PBXBuildFile; fileRef = EB7111932B6AA01500183360 /* ViewController.swift */; };
		EB7111972B6AA01500183360 /* Main.storyboard in Resources */ = {isa = PBXBuildFile; fileRef = EB7111952B6AA01500183360 /* Main.storyboard */; };
		EB7111992B6AA01C00183360 /* Assets.xcassets in Resources */ = {isa = PBXBuildFile; fileRef = EB7111982B6AA01C00183360 /* Assets.xcassets */; };
		EB71119C2B6AA01C00183360 /* LaunchScreen.storyboard in Resources */ = {isa = PBXBuildFile; fileRef = EB71119A2B6AA01C00183360 /* LaunchScreen.storyboard */; };
/* End PBXBuildFile section */

/* Begin PBXFileReference section */
		EB65BA912B6AD37D00B62E26 /* kirbyWallpaper.jpeg */ = {isa = PBXFileReference; lastKnownFileType = image.jpeg; path = kirbyWallpaper.jpeg; sourceTree = "<group>"; };
		EB65BA922B6AD37E00B62E26 /* kirbyhabilitiesContent.jpeg */ = {isa = PBXFileReference; lastKnownFileType = image.jpeg; path = kirbyhabilitiesContent.jpeg; sourceTree = "<group>"; };
		EB65BA932B6AD37E00B62E26 /* kirbybattlecontent.jpeg */ = {isa = PBXFileReference; lastKnownFileType = image.jpeg; path = kirbybattlecontent.jpeg; sourceTree = "<group>"; };
		EB65BA942B6AD37E00B62E26 /* kirby.png */ = {isa = PBXFileReference; lastKnownFileType = image.png; path = kirby.png; sourceTree = "<group>"; };
		EB65BA952B6AD37E00B62E26 /* kirbyhabilitiholder.jpeg */ = {isa = PBXFileReference; lastKnownFileType = image.jpeg; path = kirbyhabilitiholder.jpeg; sourceTree = "<group>"; };
		EB65BA962B6AD37E00B62E26 /* smashLogo.png */ = {isa = PBXFileReference; lastKnownFileType = image.png; path = smashLogo.png; sourceTree = "<group>"; };
		EB65BA972B6AD37E00B62E26 /* kisrbysmash.jpeg */ = {isa = PBXFileReference; lastKnownFileType = image.jpeg; path = kisrbysmash.jpeg; sourceTree = "<group>"; };
		EB65BA982B6AD37E00B62E26 /* kirbyCafeContent.jpeg */ = {isa = PBXFileReference; lastKnownFileType = image.jpeg; path = kirbyCafeContent.jpeg; sourceTree = "<group>"; };
		EB65BA992B6AD37F00B62E26 /* kirbyabout.jpeg */ = {isa = PBXFileReference; lastKnownFileType = image.jpeg; path = kirbyabout.jpeg; sourceTree = "<group>"; };
		EB65BA9A2B6AD37F00B62E26 /* kirbySeriesContent.jpeg */ = {isa = PBXFileReference; lastKnownFileType = image.jpeg; path = kirbySeriesContent.jpeg; sourceTree = "<group>"; };
		EB65BA9B2B6AD37F00B62E26 /* kirbybattleholder.jpeg */ = {isa = PBXFileReference; lastKnownFileType = image.jpeg; path = kirbybattleholder.jpeg; sourceTree = "<group>"; };
		EB65BA9C2B6AD37F00B62E26 /* kirbyCafeHolder.jpeg */ = {isa = PBXFileReference; lastKnownFileType = image.jpeg; path = kirbyCafeHolder.jpeg; sourceTree = "<group>"; };
		EB65BA9D2B6AD37F00B62E26 /* kirbySeriesHolder.jpeg */ = {isa = PBXFileReference; lastKnownFileType = image.jpeg; path = kirbySeriesHolder.jpeg; sourceTree = "<group>"; };
		EB71118C2B6AA01500183360 /* tarea1ioslayout.app */ = {isa = PBXFileReference; explicitFileType = wrapper.application; includeInIndex = 0; path = tarea1ioslayout.app; sourceTree = BUILT_PRODUCTS_DIR; };
		EB71118F2B6AA01500183360 /* AppDelegate.swift */ = {isa = PBXFileReference; lastKnownFileType = sourcecode.swift; path = AppDelegate.swift; sourceTree = "<group>"; };
		EB7111912B6AA01500183360 /* SceneDelegate.swift */ = {isa = PBXFileReference; lastKnownFileType = sourcecode.swift; path = SceneDelegate.swift; sourceTree = "<group>"; };
		EB7111932B6AA01500183360 /* ViewController.swift */ = {isa = PBXFileReference; lastKnownFileType = sourcecode.swift; path = ViewController.swift; sourceTree = "<group>"; };
		EB7111962B6AA01500183360 /* Base */ = {isa = PBXFileReference; lastKnownFileType = file.storyboard; name = Base; path = Base.lproj/Main.storyboard; sourceTree = "<group>"; };
		EB7111982B6AA01C00183360 /* Assets.xcassets */ = {isa = PBXFileReference; lastKnownFileType = folder.assetcatalog; path = Assets.xcassets; sourceTree = "<group>"; };
		EB71119B2B6AA01C00183360 /* Base */ = {isa = PBXFileReference; lastKnownFileType = file.storyboard; name = Base; path = Base.lproj/LaunchScreen.storyboard; sourceTree = "<group>"; };
		EB71119D2B6AA01C00183360 /* Info.plist */ = {isa = PBXFileReference; lastKnownFileType = text.plist.xml; path = Info.plist; sourceTree = "<group>"; };
/* End PBXFileReference section */

/* Begin PBXFrameworksBuildPhase section */
		EB7111892B6AA01500183360 /* Frameworks */ = {
			isa = PBXFrameworksBuildPhase;
			buildActionMask = 2147483647;
			files = (
			);
			runOnlyForDeploymentPostprocessing = 0;
		};
/* End PBXFrameworksBuildPhase section */

/* Begin PBXGroup section */
		EB65BA902B6AD34100B62E26 /* Imagenes */ = {
			isa = PBXGroup;
			children = (
				EB65BA942B6AD37E00B62E26 /* kirby.png */,
				EB65BA992B6AD37F00B62E26 /* kirbyabout.jpeg */,
				EB65BA932B6AD37E00B62E26 /* kirbybattlecontent.jpeg */,
				EB65BA9B2B6AD37F00B62E26 /* kirbybattleholder.jpeg */,
				EB65BA982B6AD37E00B62E26 /* kirbyCafeContent.jpeg */,
				EB65BA9C2B6AD37F00B62E26 /* kirbyCafeHolder.jpeg */,
				EB65BA922B6AD37E00B62E26 /* kirbyhabilitiesContent.jpeg */,
				EB65BA952B6AD37E00B62E26 /* kirbyhabilitiholder.jpeg */,
				EB65BA9A2B6AD37F00B62E26 /* kirbySeriesContent.jpeg */,
				EB65BA9D2B6AD37F00B62E26 /* kirbySeriesHolder.jpeg */,
				EB65BA912B6AD37D00B62E26 /* kirbyWallpaper.jpeg */,
				EB65BA972B6AD37E00B62E26 /* kisrbysmash.jpeg */,
				EB65BA962B6AD37E00B62E26 /* smashLogo.png */,
			);
			path = Imagenes;
			sourceTree = "<group>";
		};
		EB7111832B6AA01500183360 = {
			isa = PBXGroup;
			children = (
				EB71118E2B6AA01500183360 /* tarea1ioslayout */,
				EB71118D2B6AA01500183360 /* Products */,
			);
			sourceTree = "<group>";
		};
		EB71118D2B6AA01500183360 /* Products */ = {
			isa = PBXGroup;
			children = (
				EB71118C2B6AA01500183360 /* tarea1ioslayout.app */,
			);
			name = Products;
			sourceTree = "<group>";
		};
		EB71118E2B6AA01500183360 /* tarea1ioslayout */ = {
			isa = PBXGroup;
			children = (
				EB65BA902B6AD34100B62E26 /* Imagenes */,
				EB71118F2B6AA01500183360 /* AppDelegate.swift */,
				EB7111912B6AA01500183360 /* SceneDelegate.swift */,
				EB7111932B6AA01500183360 /* ViewController.swift */,
				EB7111952B6AA01500183360 /* Main.storyboard */,
				EB7111982B6AA01C00183360 /* Assets.xcassets */,
				EB71119A2B6AA01C00183360 /* LaunchScreen.storyboard */,
				EB71119D2B6AA01C00183360 /* Info.plist */,
			);
			path = tarea1ioslayout;
			sourceTree = "<group>";
		};
/* End PBXGroup section */

/* Begin PBXNativeTarget section */
		EB71118B2B6AA01500183360 /* tarea1ioslayout */ = {
			isa = PBXNativeTarget;
			buildConfigurationList = EB7111A02B6AA01C00183360 /* Build configuration list for PBXNativeTarget "tarea1ioslayout" */;
			buildPhases = (
				EB7111882B6AA01500183360 /* Sources */,
				EB7111892B6AA01500183360 /* Frameworks */,
				EB71118A2B6AA01500183360 /* Resources */,
			);
			buildRules = (
			);
			dependencies = (
			);
			name = tarea1ioslayout;
			productName = tarea1ioslayout;
			productReference = EB71118C2B6AA01500183360 /* tarea1ioslayout.app */;
			productType = "com.apple.product-type.application";
		};
/* End PBXNativeTarget section */

/* Begin PBXProject section */
		EB7111842B6AA01500183360 /* Project object */ = {
			isa = PBXProject;
			attributes = {
				LastSwiftUpdateCheck = 1240;
				LastUpgradeCheck = 1240;
				TargetAttributes = {
					EB71118B2B6AA01500183360 = {
						CreatedOnToolsVersion = 12.4;
					};
				};
			};
			buildConfigurationList = EB7111872B6AA01500183360 /* Build configuration list for PBXProject "tarea1ioslayout" */;
			compatibilityVersion = "Xcode 12.0";
			developmentRegion = en;
			hasScannedForEncodings = 0;
			knownRegions = (
				en,
				Base,
			);
			mainGroup = EB7111832B6AA01500183360;
			productRefGroup = EB71118D2B6AA01500183360 /* Products */;
			projectDirPath = "";
			projectRoot = "";
			targets = (
				EB71118B2B6AA01500183360 /* tarea1ioslayout */,
			);
		};
/* End PBXProject section */

/* Begin PBXResourcesBuildPhase section */
		EB71118A2B6AA01500183360 /* Resources */ = {
			isa = PBXResourcesBuildPhase;
			buildActionMask = 2147483647;
			files = (
				EB65BA9F2B6AD37F00B62E26 /* kirbyhabilitiesContent.jpeg in Resources */,
				EB65BAA22B6AD37F00B62E26 /* kirbyhabilitiholder.jpeg in Resources */,
				EB65BAA42B6AD37F00B62E26 /* kisrbysmash.jpeg in Resources */,
				EB65BA9E2B6AD37F00B62E26 /* kirbyWallpaper.jpeg in Resources */,
				EB65BAAA2B6AD37F00B62E26 /* kirbySeriesHolder.jpeg in Resources */,
				EB65BAA92B6AD37F00B62E26 /* kirbyCafeHolder.jpeg in Resources */,
				EB65BAA12B6AD37F00B62E26 /* kirby.png in Resources */,
				EB65BAA52B6AD37F00B62E26 /* kirbyCafeContent.jpeg in Resources */,
				EB71119C2B6AA01C00183360 /* LaunchScreen.storyboard in Resources */,
				EB65BAA82B6AD37F00B62E26 /* kirbybattleholder.jpeg in Resources */,
				EB65BAA62B6AD37F00B62E26 /* kirbyabout.jpeg in Resources */,
				EB65BAA02B6AD37F00B62E26 /* kirbybattlecontent.jpeg in Resources */,
				EB7111992B6AA01C00183360 /* Assets.xcassets in Resources */,
				EB65BAA32B6AD37F00B62E26 /* smashLogo.png in Resources */,
				EB7111972B6AA01500183360 /* Main.storyboard in Resources */,
				EB65BAA72B6AD37F00B62E26 /* kirbySeriesContent.jpeg in Resources */,
			);
			runOnlyForDeploymentPostprocessing = 0;
		};
/* End PBXResourcesBuildPhase section */

/* Begin PBXSourcesBuildPhase section */
		EB7111882B6AA01500183360 /* Sources */ = {
			isa = PBXSourcesBuildPhase;
			buildActionMask = 2147483647;
			files = (
				EB7111942B6AA01500183360 /* ViewController.swift in Sources */,
				EB7111902B6AA01500183360 /* AppDelegate.swift in Sources */,
				EB7111922B6AA01500183360 /* SceneDelegate.swift in Sources */,
			);
			runOnlyForDeploymentPostprocessing = 0;
		};
/* End PBXSourcesBuildPhase section */

/* Begin PBXVariantGroup section */
		EB7111952B6AA01500183360 /* Main.storyboard */ = {
			isa = PBXVariantGroup;
			children = (
				EB7111962B6AA01500183360 /* Base */,
			);
			name = Main.storyboard;
			sourceTree = "<group>";
		};
		EB71119A2B6AA01C00183360 /* LaunchScreen.storyboard */ = {
			isa = PBXVariantGroup;
			children = (
				EB71119B2B6AA01C00183360 /* Base */,
			);
			name = LaunchScreen.storyboard;
			sourceTree = "<group>";
		};
/* End PBXVariantGroup section */

/* Begin XCBuildConfiguration section */
		EB71119E2B6AA01C00183360 /* Debug */ = {
			isa = XCBuildConfiguration;
			buildSettings = {
				ALWAYS_SEARCH_USER_PATHS = NO;
				CLANG_ANALYZER_NONNULL = YES;
				CLANG_ANALYZER_NUMBER_OBJECT_CONVERSION = YES_AGGRESSIVE;
				CLANG_CXX_LANGUAGE_STANDARD = "gnu++14";
				CLANG_CXX_LIBRARY = "libc++";
				CLANG_ENABLE_MODULES = YES;
				CLANG_ENABLE_OBJC_ARC = YES;
				CLANG_ENABLE_OBJC_WEAK = YES;
				CLANG_WARN_BLOCK_CAPTURE_AUTORELEASING = YES;
				CLANG_WARN_BOOL_CONVERSION = YES;
				CLANG_WARN_COMMA = YES;
				CLANG_WARN_CONSTANT_CONVERSION = YES;
				CLANG_WARN_DEPRECATED_OBJC_IMPLEMENTATIONS = YES;
				CLANG_WARN_DIRECT_OBJC_ISA_USAGE = YES_ERROR;
				CLANG_WARN_DOCUMENTATION_COMMENTS = YES;
				CLANG_WARN_EMPTY_BODY = YES;
				CLANG_WARN_ENUM_CONVERSION = YES;
				CLANG_WARN_INFINITE_RECURSION = YES;
				CLANG_WARN_INT_CONVERSION = YES;
				CLANG_WARN_NON_LITERAL_NULL_CONVERSION = YES;
				CLANG_WARN_OBJC_IMPLICIT_RETAIN_SELF = YES;
				CLANG_WARN_OBJC_LITERAL_CONVERSION = YES;
				CLANG_WARN_OBJC_ROOT_CLASS = YES_ERROR;
				CLANG_WARN_QUOTED_INCLUDE_IN_FRAMEWORK_HEADER = YES;
				CLANG_WARN_RANGE_LOOP_ANALYSIS = YES;
				CLANG_WARN_STRICT_PROTOTYPES = YES;
				CLANG_WARN_SUSPICIOUS_MOVE = YES;
				CLANG_WARN_UNGUARDED_AVAILABILITY = YES_AGGRESSIVE;
				CLANG_WARN_UNREACHABLE_CODE = YES;
				CLANG_WARN__DUPLICATE_METHOD_MATCH = YES;
				COPY_PHASE_STRIP = NO;
				DEBUG_INFORMATION_FORMAT = dwarf;
				ENABLE_STRICT_OBJC_MSGSEND = YES;
				ENABLE_TESTABILITY = YES;
				GCC_C_LANGUAGE_STANDARD = gnu11;
				GCC_DYNAMIC_NO_PIC = NO;
				GCC_NO_COMMON_BLOCKS = YES;
				GCC_OPTIMIZATION_LEVEL = 0;
				GCC_PREPROCESSOR_DEFINITIONS = (
					"DEBUG=1",
					"$(inherited)",
				);
				GCC_WARN_64_TO_32_BIT_CONVERSION = YES;
				GCC_WARN_ABOUT_RETURN_TYPE = YES_ERROR;
				GCC_WARN_UNDECLARED_SELECTOR = YES;
				GCC_WARN_UNINITIALIZED_AUTOS = YES_AGGRESSIVE;
				GCC_WARN_UNUSED_FUNCTION = YES;
				GCC_WARN_UNUSED_VARIABLE = YES;
				IPHONEOS_DEPLOYMENT_TARGET = 14.4;
				MTL_ENABLE_DEBUG_INFO = INCLUDE_SOURCE;
				MTL_FAST_MATH = YES;
				ONLY_ACTIVE_ARCH = YES;
				SDKROOT = iphoneos;
				SWIFT_ACTIVE_COMPILATION_CONDITIONS = DEBUG;
				SWIFT_OPTIMIZATION_LEVEL = "-Onone";
			};
			name = Debug;
		};
		EB71119F2B6AA01C00183360 /* Release */ = {
			isa = XCBuildConfiguration;
			buildSettings = {
				ALWAYS_SEARCH_USER_PATHS = NO;
				CLANG_ANALYZER_NONNULL = YES;
				CLANG_ANALYZER_NUMBER_OBJECT_CONVERSION = YES_AGGRESSIVE;
				CLANG_CXX_LANGUAGE_STANDARD = "gnu++14";
				CLANG_CXX_LIBRARY = "libc++";
				CLANG_ENABLE_MODULES = YES;
				CLANG_ENABLE_OBJC_ARC = YES;
				CLANG_ENABLE_OBJC_WEAK = YES;
				CLANG_WARN_BLOCK_CAPTURE_AUTORELEASING = YES;
				CLANG_WARN_BOOL_CONVERSION = YES;
				CLANG_WARN_COMMA = YES;
				CLANG_WARN_CONSTANT_CONVERSION = YES;
				CLANG_WARN_DEPRECATED_OBJC_IMPLEMENTATIONS = YES;
				CLANG_WARN_DIRECT_OBJC_ISA_USAGE = YES_ERROR;
				CLANG_WARN_DOCUMENTATION_COMMENTS = YES;
				CLANG_WARN_EMPTY_BODY = YES;
				CLANG_WARN_ENUM_CONVERSION = YES;
				CLANG_WARN_INFINITE_RECURSION = YES;
				CLANG_WARN_INT_CONVERSION = YES;
				CLANG_WARN_NON_LITERAL_NULL_CONVERSION = YES;
				CLANG_WARN_OBJC_IMPLICIT_RETAIN_SELF = YES;
				CLANG_WARN_OBJC_LITERAL_CONVERSION = YES;
				CLANG_WARN_OBJC_ROOT_CLASS = YES_ERROR;
				CLANG_WARN_QUOTED_INCLUDE_IN_FRAMEWORK_HEADER = YES;
				CLANG_WARN_RANGE_LOOP_ANALYSIS = YES;
				CLANG_WARN_STRICT_PROTOTYPES = YES;
				CLANG_WARN_SUSPICIOUS_MOVE = YES;
				CLANG_WARN_UNGUARDED_AVAILABILITY = YES_AGGRESSIVE;
				CLANG_WARN_UNREACHABLE_CODE = YES;
				CLANG_WARN__DUPLICATE_METHOD_MATCH = YES;
				COPY_PHASE_STRIP = NO;
				DEBUG_INFORMATION_FORMAT = "dwarf-with-dsym";
				ENABLE_NS_ASSERTIONS = NO;
				ENABLE_STRICT_OBJC_MSGSEND = YES;
				GCC_C_LANGUAGE_STANDARD = gnu11;
				GCC_NO_COMMON_BLOCKS = YES;
				GCC_WARN_64_TO_32_BIT_CONVERSION = YES;
				GCC_WARN_ABOUT_RETURN_TYPE = YES_ERROR;
				GCC_WARN_UNDECLARED_SELECTOR = YES;
				GCC_WARN_UNINITIALIZED_AUTOS = YES_AGGRESSIVE;
				GCC_WARN_UNUSED_FUNCTION = YES;
				GCC_WARN_UNUSED_VARIABLE = YES;
				IPHONEOS_DEPLOYMENT_TARGET = 14.4;
				MTL_ENABLE_DEBUG_INFO = NO;
				MTL_FAST_MATH = YES;
				SDKROOT = iphoneos;
				SWIFT_COMPILATION_MODE = wholemodule;
				SWIFT_OPTIMIZATION_LEVEL = "-O";
				VALIDATE_PRODUCT = YES;
			};
			name = Release;
		};
		EB7111A12B6AA01C00183360 /* Debug */ = {
			isa = XCBuildConfiguration;
			buildSettings = {
				ASSETCATALOG_COMPILER_APPICON_NAME = AppIcon;
				ASSETCATALOG_COMPILER_GLOBAL_ACCENT_COLOR_NAME = AccentColor;
				CODE_SIGN_STYLE = Automatic;
				INFOPLIST_FILE = tarea1ioslayout/Info.plist;
				IPHONEOS_DEPLOYMENT_TARGET = 14.1;
				LD_RUNPATH_SEARCH_PATHS = (
					"$(inherited)",
					"@executable_path/Frameworks",
				);
				PRODUCT_BUNDLE_IDENTIFIER = UTT.tarea1ioslayout;
				PRODUCT_NAME = "$(TARGET_NAME)";
				SWIFT_VERSION = 5.0;
				TARGETED_DEVICE_FAMILY = 1;
			};
			name = Debug;
		};
		EB7111A22B6AA01C00183360 /* Release */ = {
			isa = XCBuildConfiguration;
			buildSettings = {
				ASSETCATALOG_COMPILER_APPICON_NAME = AppIcon;
				ASSETCATALOG_COMPILER_GLOBAL_ACCENT_COLOR_NAME = AccentColor;
				CODE_SIGN_STYLE = Automatic;
				INFOPLIST_FILE = tarea1ioslayout/Info.plist;
				IPHONEOS_DEPLOYMENT_TARGET = 14.1;
				LD_RUNPATH_SEARCH_PATHS = (
					"$(inherited)",
					"@executable_path/Frameworks",
				);
				PRODUCT_BUNDLE_IDENTIFIER = UTT.tarea1ioslayout;
				PRODUCT_NAME = "$(TARGET_NAME)";
				SWIFT_VERSION = 5.0;
				TARGETED_DEVICE_FAMILY = 1;
			};
			name = Release;
		};
/* End XCBuildConfiguration section */

/* Begin XCConfigurationList section */
		EB7111872B6AA01500183360 /* Build configuration list for PBXProject "tarea1ioslayout" */ = {
			isa = XCConfigurationList;
			buildConfigurations = (
				EB71119E2B6AA01C00183360 /* Debug */,
				EB71119F2B6AA01C00183360 /* Release */,
			);
			defaultConfigurationIsVisible = 0;
			defaultConfigurationName = Release;
		};
		EB7111A02B6AA01C00183360 /* Build configuration list for PBXNativeTarget "tarea1ioslayout" */ = {
			isa = XCConfigurationList;
			buildConfigurations = (
				EB7111A12B6AA01C00183360 /* Debug */,
				EB7111A22B6AA01C00183360 /* Release */,
			);
			defaultConfigurationIsVisible = 0;
			defaultConfigurationName = Release;
		};
/* End XCConfigurationList section */
	};
	rootObject = EB7111842B6AA01500183360 /* Project object */;
}
